
Microsoft Visual Studio Solution File, Format Version 12.00
# Visual Studio Version 17
VisualStudioVersion = 17.0.32112.339
MinimumVisualStudioVersion = 10.0.40219.1
Project("{FAE04EC0-301F-11D3-BF4B-00C04F79EFBC}") = "pseudokod", "pseudokod.csproj", "{EA4896B2-AB5F-48A0-AB31-B9887C6ED4D5}"
EndProject
Global
	GlobalSection(SolutionConfigurationPlatforms) = preSolution
		Debug|Any CPU = Debug|Any CPU
		Release|Any CPU = Release|Any CPU
	EndGlobalSection
	GlobalSection(ProjectConfigurationPlatforms) = postSolution
		{EA4896B2-AB5F-48A0-AB31-B9887C6ED4D5}.Debug|Any CPU.ActiveCfg = Debug|Any CPU
		{EA4896B2-AB5F-48A0-AB31-B9887C6ED4D5}.Debug|Any CPU.Build.0 = Debug|Any CPU
		{EA4896B2-AB5F-48A0-AB31-B9887C6ED4D5}.Release|Any CPU.ActiveCfg = Release|Any CPU
		{EA4896B2-AB5F-48A0-AB31-B9887C6ED4D5}.Release|Any CPU.Build.0 = Release|Any CPU
	EndGlobalSection
	GlobalSection(SolutionProperties) = preSolution
		HideSolutionNode = FALSE
	EndGlobalSection
	GlobalSection(ExtensibilityGlobals) = postSolution
		SolutionGuid = {4A5D78A3-39CA-4416-9FAD-F2D6D508078E}
	EndGlobalSection
EndGlobal
